
Microsoft Visual Studio Solution File, Format Version 12.00
# Visual Studio Version 17
VisualStudioVersion = 17.0.31717.71
MinimumVisualStudioVersion = 10.0.40219.1
Project("{9A19103F-16F7-4668-BE54-9A1E7A4F7556}") = "Mud", "Mud.csproj", "{5D2B2C56-C043-4F97-9B50-7D0478B0D601}"
EndProject
Global
	GlobalSection(SolutionConfigurationPlatforms) = preSolution
		Debug|Any CPU = Debug|Any CPU
		Release|Any CPU = Release|Any CPU
	EndGlobalSection
	GlobalSection(ProjectConfigurationPlatforms) = postSolution
		{5D2B2C56-C043-4F97-9B50-7D0478B0D601}.Debug|Any CPU.ActiveCfg = Debug|Any CPU
		{5D2B2C56-C043-4F97-9B50-7D0478B0D601}.Debug|Any CPU.Build.0 = Debug|Any CPU
		{5D2B2C56-C043-4F97-9B50-7D0478B0D601}.Release|Any CPU.ActiveCfg = Release|Any CPU
		{5D2B2C56-C043-4F97-9B50-7D0478B0D601}.Release|Any CPU.Build.0 = Release|Any CPU
	EndGlobalSection
	GlobalSection(SolutionProperties) = preSolution
		HideSolutionNode = FALSE
	EndGlobalSection
	GlobalSection(ExtensibilityGlobals) = postSolution
		SolutionGuid = {EB163750-6302-4321-A4F8-72D75DA113A9}
	EndGlobalSection
EndGlobal