
Microsoft Visual Studio Solution File, Format Version 12.00
# Visual Studio Version 17
VisualStudioVersion = 17.0.31717.71
MinimumVisualStudioVersion = 10.0.40219.1
Project("{9A19103F-16F7-4668-BE54-9A1E7A4F7556}") = "TntMud", "TntMud.csproj", "{DD87FF57-C0D2-426E-9862-FADCCE74960D}"
EndProject
Global
	GlobalSection(SolutionConfigurationPlatforms) = preSolution
		Debug|Any CPU = Debug|Any CPU
		Release|Any CPU = Release|Any CPU
	EndGlobalSection
	GlobalSection(ProjectConfigurationPlatforms) = postSolution
		{DD87FF57-C0D2-426E-9862-FADCCE74960D}.Debug|Any CPU.ActiveCfg = Debug|Any CPU
		{DD87FF57-C0D2-426E-9862-FADCCE74960D}.Debug|Any CPU.Build.0 = Debug|Any CPU
		{DD87FF57-C0D2-426E-9862-FADCCE74960D}.Release|Any CPU.ActiveCfg = Release|Any CPU
		{DD87FF57-C0D2-426E-9862-FADCCE74960D}.Release|Any CPU.Build.0 = Release|Any CPU
	EndGlobalSection
	GlobalSection(SolutionProperties) = preSolution
		HideSolutionNode = FALSE
	EndGlobalSection
	GlobalSection(ExtensibilityGlobals) = postSolution
		SolutionGuid = {149043DF-24AB-4716-9874-3661C67279FF}
	EndGlobalSection
EndGlobal